// !$*UTF8*$!
{
	archiveVersion = 1;
	classes = {
	};
	objectVersion = 60;
	objects = {

/* Begin PBXBuildFile section */
		AA0000000000000000000014 /* DataLayerStudioMobileApp.swift in Sources */ = {isa = PBXBuildFile; fileRef = AA0000000000000000000013 /* DataLayerStudioMobileApp.swift */; };
		AA0000000000000000000019 /* Assets.xcassets in Resources */ = {isa = PBXBuildFile; fileRef = AA0000000000000000000018 /* Assets.xcassets */; };
		AA000000000000000000001C /* OverlayTouch in Frameworks */ = {isa = PBXBuildFile; productRef = AA000000000000000000001B /* OverlayTouch */; };
/* End PBXBuildFile section */

/* Begin PBXFileReference section */
		AA000000000000000000000F /* DataLayerStudioMobile.app */ = {isa = PBXFileReference; explicitFileType = wrapper.application; includeInIndex = 0; path = DataLayerStudioMobile.app; sourceTree = BUILT_PRODUCTS_DIR; };
		AA0000000000000000000013 /* DataLayerStudioMobileApp.swift */ = {isa = PBXFileReference; lastKnownFileType = sourcecode.swift; path = DataLayerStudioMobileApp.swift; sourceTree = "<group>"; };
		AA0000000000000000000015 /* Info.plist */ = {isa = PBXFileReference; lastKnownFileType = text.plist.xml; path = Info.plist; sourceTree = "<group>"; };
		AA0000000000000000000016 /* DataLayerStudioMobile.entitlements */ = {isa = PBXFileReference; lastKnownFileType = text.plist.entitlements; path = DataLayerStudioMobile.entitlements; sourceTree = "<group>"; };
		AA0000000000000000000017 /* DataLayerStudio.storekit */ = {isa = PBXFileReference; lastKnownFileType = text; path = DataLayerStudio.storekit; sourceTree = "<group>"; };
		AA0000000000000000000018 /* Assets.xcassets */ = {isa = PBXFileReference; lastKnownFileType = folder.assetcatalog; path = Assets.xcassets; sourceTree = "<group>"; };
/* End PBXFileReference section */

/* Begin PBXFrameworksBuildPhase section */
		AA0000000000000000000011 /* Frameworks */ = {
			isa = PBXFrameworksBuildPhase;
			buildActionMask = 2147483647;
			files = (
				AA000000000000000000001C /* OverlayTouch in Frameworks */,
			);
			runOnlyForDeploymentPostprocessing = 0;
		};
/* End PBXFrameworksBuildPhase section */

/* Begin PBXGroup section */
		AA000000000000000000000B = {
			isa = PBXGroup;
			children = (
				AA000000000000000000000D /* DataLayerStudioMobile */,
				AA000000000000000000000C /* Products */,
			);
			sourceTree = "<group>";
		};
		AA000000000000000000000C /* Products */ = {
			isa = PBXGroup;
			children = (
				AA000000000000000000000F /* DataLayerStudioMobile.app */,
			);
			name = Products;
			sourceTree = "<group>";
		};
		AA000000000000000000000D /* DataLayerStudioMobile */ = {
			isa = PBXGroup;
			children = (
				AA0000000000000000000013 /* DataLayerStudioMobileApp.swift */,
				AA0000000000000000000015 /* Info.plist */,
				AA0000000000000000000016 /* DataLayerStudioMobile.entitlements */,
				AA0000000000000000000017 /* DataLayerStudio.storekit */,
				AA0000000000000000000018 /* Assets.xcassets */,
			);
			path = DataLayerStudioMobile;
			sourceTree = "<group>";
		};
/* End PBXGroup section */

/* Begin PBXNativeTarget section */
		AA000000000000000000000E /* DataLayerStudioMobile */ = {
			isa = PBXNativeTarget;
			buildConfigurationList = AA0000000000000000000020 /* Build configuration list for PBXNativeTarget "DataLayerStudioMobile" */;
			buildPhases = (
				AA0000000000000000000010 /* Sources */,
				AA0000000000000000000011 /* Frameworks */,
				AA0000000000000000000012 /* Resources */,
			);
			buildRules = (
			);
			dependencies = (
			);
			name = DataLayerStudioMobile;
			packageProductDependencies = (
				AA000000000000000000001B /* OverlayTouch */,
			);
			productName = DataLayerStudioMobile;
			productReference = AA000000000000000000000F /* DataLayerStudioMobile.app */;
			productType = "com.apple.product-type.application";
		};
/* End PBXNativeTarget section */

/* Begin PBXProject section */
		AA000000000000000000000A /* Project object */ = {
			isa = PBXProject;
			attributes = {
				BuildIndependentTargetsInParallel = 1;
				LastSwiftUpdateCheck = 2600;
				LastUpgradeCheck = 2600;
				TargetAttributes = {
					AA000000000000000000000E = {
						CreatedOnToolsVersion = 26.0;
					};
				};
			};
			buildConfigurationList = AA000000000000000000001D /* Build configuration list for PBXProject "DataLayerStudioMobile" */;
			compatibilityVersion = "Xcode 15.0";
			developmentRegion = en;
			hasScannedForEncodings = 0;
			knownRegions = (
				en,
				Base,
				"zh-Hans",
				"zh-Hant",
				ja,
			);
			mainGroup = AA000000000000000000000B;
			packageReferences = (
				AA000000000000000000001A /* XCLocalSwiftPackageReference ".." */,
			);
			productRefGroup = AA000000000000000000000C /* Products */;
			projectDirPath = "";
			projectRoot = "";
			targets = (
				AA000000000000000000000E /* DataLayerStudioMobile */,
			);
		};
/* End PBXProject section */

/* Begin PBXResourcesBuildPhase section */
		AA0000000000000000000012 /* Resources */ = {
			isa = PBXResourcesBuildPhase;
			buildActionMask = 2147483647;
			files = (
				AA0000000000000000000019 /* Assets.xcassets in Resources */,
			);
			runOnlyForDeploymentPostprocessing = 0;
		};
/* End PBXResourcesBuildPhase section */

/* Begin PBXSourcesBuildPhase section */
		AA0000000000000000000010 /* Sources */ = {
			isa = PBXSourcesBuildPhase;
			buildActionMask = 2147483647;
			files = (
				AA0000000000000000000014 /* DataLayerStudioMobileApp.swift in Sources */,
			);
			runOnlyForDeploymentPostprocessing = 0;
		};
/* End PBXSourcesBuildPhase section */

/* Begin XCBuildConfiguration section */
		AA000000000000000000001E /* Debug */ = {
			isa = XCBuildConfiguration;
			buildSettings = {
				ALWAYS_SEARCH_USER_PATHS = NO;
				CLANG_ENABLE_MODULES = YES;
				CLANG_ENABLE_OBJC_ARC = YES;
				COPY_PHASE_STRIP = NO;
				DEBUG_INFORMATION_FORMAT = dwarf;
				ENABLE_STRICT_OBJC_MSGSEND = YES;
				ENABLE_TESTABILITY = YES;
				GCC_DYNAMIC_NO_PIC = NO;
				GCC_OPTIMIZATION_LEVEL = 0;
				GCC_PREPROCESSOR_DEFINITIONS = (
					"DEBUG=1",
					"$(inherited)",
				);
				IPHONEOS_DEPLOYMENT_TARGET = 26.0;
				MTL_ENABLE_DEBUG_INFO = INCLUDE_SOURCE;
				MTL_FAST_MATH = YES;
				ONLY_ACTIVE_ARCH = YES;
				SDKROOT = iphoneos;
				SWIFT_ACTIVE_COMPILATION_CONDITIONS = "DEBUG $(inherited)";
				SWIFT_OPTIMIZATION_LEVEL = "-Onone";
				SWIFT_VERSION = 5.0;
			};
			name = Debug;
		};
		AA000000000000000000001F /* Release */ = {
			isa = XCBuildConfiguration;
			buildSettings = {
				ALWAYS_SEARCH_USER_PATHS = NO;
				CLANG_ENABLE_MODULES = YES;
				CLANG_ENABLE_OBJC_ARC = YES;
				COPY_PHASE_STRIP = NO;
				DEBUG_INFORMATION_FORMAT = "dwarf-with-dsym";
				ENABLE_NS_ASSERTIONS = NO;
				ENABLE_STRICT_OBJC_MSGSEND = YES;
				IPHONEOS_DEPLOYMENT_TARGET = 26.0;
				MTL_ENABLE_DEBUG_INFO = NO;
				MTL_FAST_MATH = YES;
				SDKROOT = iphoneos;
				SWIFT_COMPILATION_MODE = wholemodule;
				SWIFT_VERSION = 5.0;
				VALIDATE_PRODUCT = YES;
			};
			name = Release;
		};
		AA0000000000000000000021 /* Debug */ = {
			isa = XCBuildConfiguration;
			buildSettings = {
				ASSETCATALOG_COMPILER_APPICON_NAME = AppIcon;
				CODE_SIGN_ENTITLEMENTS = DataLayerStudioMobile/DataLayerStudioMobile.entitlements;
				CODE_SIGN_STYLE = Automatic;
				CURRENT_PROJECT_VERSION = 1;
				DEVELOPMENT_TEAM = XUQV24QYZM;
				ENABLE_PREVIEWS = YES;
				GENERATE_INFOPLIST_FILE = NO;
				INFOPLIST_FILE = DataLayerStudioMobile/Info.plist;
				LD_RUNPATH_SEARCH_PATHS = (
					"$(inherited)",
					"@executable_path/Frameworks",
				);
				MARKETING_VERSION = 0.1.0;
				PRODUCT_BUNDLE_IDENTIFIER = "run.libo.datalayer-studio.mobile";
				PRODUCT_NAME = "$(TARGET_NAME)";
				SUPPORTS_MACCATALYST = NO;
				SWIFT_EMIT_LOC_STRINGS = YES;
				TARGETED_DEVICE_FAMILY = "1,2";
			};
			name = Debug;
		};
		AA0000000000000000000022 /* Release */ = {
			isa = XCBuildConfiguration;
			buildSettings = {
				ASSETCATALOG_COMPILER_APPICON_NAME = AppIcon;
				CODE_SIGN_ENTITLEMENTS = DataLayerStudioMobile/DataLayerStudioMobile.entitlements;
				CODE_SIGN_STYLE = Automatic;
				CURRENT_PROJECT_VERSION = 1;
				DEVELOPMENT_TEAM = XUQV24QYZM;
				ENABLE_PREVIEWS = YES;
				GENERATE_INFOPLIST_FILE = NO;
				INFOPLIST_FILE = DataLayerStudioMobile/Info.plist;
				LD_RUNPATH_SEARCH_PATHS = (
					"$(inherited)",
					"@executable_path/Frameworks",
				);
				MARKETING_VERSION = 0.1.0;
				PRODUCT_BUNDLE_IDENTIFIER = "run.libo.datalayer-studio.mobile";
				PRODUCT_NAME = "$(TARGET_NAME)";
				SUPPORTS_MACCATALYST = NO;
				SWIFT_EMIT_LOC_STRINGS = YES;
				TARGETED_DEVICE_FAMILY = "1,2";
			};
			name = Release;
		};
/* End XCBuildConfiguration section */

/* Begin XCConfigurationList section */
		AA000000000000000000001D /* Build configuration list for PBXProject "DataLayerStudioMobile" */ = {
			isa = XCConfigurationList;
			buildConfigurations = (
				AA000000000000000000001E /* Debug */,
				AA000000000000000000001F /* Release */,
			);
			defaultConfigurationIsVisible = 0;
			defaultConfigurationName = Release;
		};
		AA0000000000000000000020 /* Build configuration list for PBXNativeTarget "DataLayerStudioMobile" */ = {
			isa = XCConfigurationList;
			buildConfigurations = (
				AA0000000000000000000021 /* Debug */,
				AA0000000000000000000022 /* Release */,
			);
			defaultConfigurationIsVisible = 0;
			defaultConfigurationName = Release;
		};
/* End XCConfigurationList section */

/* Begin XCLocalSwiftPackageReference section */
		AA000000000000000000001A /* XCLocalSwiftPackageReference ".." */ = {
			isa = XCLocalSwiftPackageReference;
			relativePath = ..;
		};
/* End XCLocalSwiftPackageReference section */

/* Begin XCSwiftPackageProductDependency section */
		AA000000000000000000001B /* OverlayTouch */ = {
			isa = XCSwiftPackageProductDependency;
			productName = OverlayTouch;
		};
/* End XCSwiftPackageProductDependency section */
	};
	rootObject = AA000000000000000000000A /* Project object */;
}
